// !$*UTF8*$!
{
	archiveVersion = 1;
	classes = {
	};
	objectVersion = 77;
	objects = {

/* Begin PBXContainerItemProxy section */
		BD57C0522DF5AE2B00B4305C /* PBXContainerItemProxy */ = {
			isa = PBXContainerItemProxy;
			containerPortal = BD57C03B2DF5AE2900B4305C /* Project object */;
			proxyType = 1;
			remoteGlobalIDString = BD57C0422DF5AE2900B4305C;
			remoteInfo = Dayflow;
		};
		BD57C05C2DF5AE2B00B4305C /* PBXContainerItemProxy */ = {
			isa = PBXContainerItemProxy;
			containerPortal = BD57C03B2DF5AE2900B4305C /* Project object */;
			proxyType = 1;
			remoteGlobalIDString = BD57C0422DF5AE2900B4305C;
			remoteInfo = Dayflow;
		};
/* End PBXContainerItemProxy section */

/* Begin PBXFileReference section */
		BD57C0432DF5AE2900B4305C /* Dayflow.app */ = {isa = PBXFileReference; explicitFileType = wrapper.application; includeInIndex = 0; path = Dayflow.app; sourceTree = BUILT_PRODUCTS_DIR; };
		BD57C0512DF5AE2B00B4305C /* DayflowTests.xctest */ = {isa = PBXFileReference; explicitFileType = wrapper.cfbundle; includeInIndex = 0; path = DayflowTests.xctest; sourceTree = BUILT_PRODUCTS_DIR; };
		BD57C05B2DF5AE2B00B4305C /* DayflowUITests.xctest */ = {isa = PBXFileReference; explicitFileType = wrapper.cfbundle; includeInIndex = 0; path = DayflowUITests.xctest; sourceTree = BUILT_PRODUCTS_DIR; };
/* End PBXFileReference section */

/* Begin PBXFileSystemSynchronizedRootGroup section */
		BD57C0452DF5AE2900B4305C /* Dayflow */ = {
			isa = PBXFileSystemSynchronizedRootGroup;
			path = Dayflow;
			sourceTree = "<group>";
		};
		BD57C0542DF5AE2B00B4305C /* DayflowTests */ = {
			isa = PBXFileSystemSynchronizedRootGroup;
			path = DayflowTests;
			sourceTree = "<group>";
		};
		BD57C05E2DF5AE2B00B4305C /* DayflowUITests */ = {
			isa = PBXFileSystemSynchronizedRootGroup;
			path = DayflowUITests;
			sourceTree = "<group>";
		};
/* End PBXFileSystemSynchronizedRootGroup section */

/* Begin PBXFrameworksBuildPhase section */
		BD57C0402DF5AE2900B4305C /* Frameworks */ = {
			isa = PBXFrameworksBuildPhase;
			buildActionMask = 2147483647;
			files = (
			);
			runOnlyForDeploymentPostprocessing = 0;
		};
		BD57C04E2DF5AE2B00B4305C /* Frameworks */ = {
			isa = PBXFrameworksBuildPhase;
			buildActionMask = 2147483647;
			files = (
			);
			runOnlyForDeploymentPostprocessing = 0;
		};
		BD57C0582DF5AE2B00B4305C /* Frameworks */ = {
			isa = PBXFrameworksBuildPhase;
			buildActionMask = 2147483647;
			files = (
			);
			runOnlyForDeploymentPostprocessing = 0;
		};
/* End PBXFrameworksBuildPhase section */

/* Begin PBXGroup section */
		BD57C03A2DF5AE2900B4305C = {
			isa = PBXGroup;
			children = (
				BD57C0452DF5AE2900B4305C /* Dayflow */,
				BD57C0542DF5AE2B00B4305C /* DayflowTests */,
				BD57C05E2DF5AE2B00B4305C /* DayflowUITests */,
				BD57C0442DF5AE2900B4305C /* Products */,
			);
			sourceTree = "<group>";
		};
		BD57C0442DF5AE2900B4305C /* Products */ = {
			isa = PBXGroup;
			children = (
				BD57C0432DF5AE2900B4305C /* Dayflow.app */,
				BD57C0512DF5AE2B00B4305C /* DayflowTests.xctest */,
				BD57C05B2DF5AE2B00B4305C /* DayflowUITests.xctest */,
			);
			name = Products;
			sourceTree = "<group>";
		};
/* End PBXGroup section */

/* Begin PBXNativeTarget section */
		BD57C0422DF5AE2900B4305C /* Dayflow */ = {
			isa = PBXNativeTarget;
			buildConfigurationList = BD57C0652DF5AE2B00B4305C /* Build configuration list for PBXNativeTarget "Dayflow" */;
			buildPhases = (
				BD57C03F2DF5AE2900B4305C /* Sources */,
				BD57C0402DF5AE2900B4305C /* Frameworks */,
				BD57C0412DF5AE2900B4305C /* Resources */,
			);
			buildRules = (
			);
			dependencies = (
			);
			fileSystemSynchronizedGroups = (
				BD57C0452DF5AE2900B4305C /* Dayflow */,
			);
			name = Dayflow;
			packageProductDependencies = (
			);
			productName = Dayflow;
			productReference = BD57C0432DF5AE2900B4305C /* Dayflow.app */;
			productType = "com.apple.product-type.application";
		};
		BD57C0502DF5AE2B00B4305C /* DayflowTests */ = {
			isa = PBXNativeTarget;
			buildConfigurationList = BD57C0682DF5AE2B00B4305C /* Build configuration list for PBXNativeTarget "DayflowTests" */;
			buildPhases = (
				BD57C04D2DF5AE2B00B4305C /* Sources */,
				BD57C04E2DF5AE2B00B4305C /* Frameworks */,
				BD57C04F2DF5AE2B00B4305C /* Resources */,
			);
			buildRules = (
			);
			dependencies = (
				BD57C0532DF5AE2B00B4305C /* PBXTargetDependency */,
			);
			fileSystemSynchronizedGroups = (
				BD57C0542DF5AE2B00B4305C /* DayflowTests */,
			);
			name = DayflowTests;
			packageProductDependencies = (
			);
			productName = DayflowTests;
			productReference = BD57C0512DF5AE2B00B4305C /* DayflowTests.xctest */;
			productType = "com.apple.product-type.bundle.unit-test";
		};
		BD57C05A2DF5AE2B00B4305C /* DayflowUITests */ = {
			isa = PBXNativeTarget;
			buildConfigurationList = BD57C06B2DF5AE2B00B4305C /* Build configuration list for PBXNativeTarget "DayflowUITests" */;
			buildPhases = (
				BD57C0572DF5AE2B00B4305C /* Sources */,
				BD57C0582DF5AE2B00B4305C /* Frameworks */,
				BD57C0592DF5AE2B00B4305C /* Resources */,
			);
			buildRules = (
			);
			dependencies = (
				BD57C05D2DF5AE2B00B4305C /* PBXTargetDependency */,
			);
			fileSystemSynchronizedGroups = (
				BD57C05E2DF5AE2B00B4305C /* DayflowUITests */,
			);
			name = DayflowUITests;
			packageProductDependencies = (
			);
			productName = DayflowUITests;
			productReference = BD57C05B2DF5AE2B00B4305C /* DayflowUITests.xctest */;
			productType = "com.apple.product-type.bundle.ui-testing";
		};
/* End PBXNativeTarget section */

/* Begin PBXProject section */
		BD57C03B2DF5AE2900B4305C /* Project object */ = {
			isa = PBXProject;
			attributes = {
				BuildIndependentTargetsInParallel = 1;
				LastSwiftUpdateCheck = 1640;
				LastUpgradeCheck = 1640;
				TargetAttributes = {
					BD57C0422DF5AE2900B4305C = {
						CreatedOnToolsVersion = 16.4;
					};
					BD57C0502DF5AE2B00B4305C = {
						CreatedOnToolsVersion = 16.4;
						TestTargetID = BD57C0422DF5AE2900B4305C;
					};
					BD57C05A2DF5AE2B00B4305C = {
						CreatedOnToolsVersion = 16.4;
						TestTargetID = BD57C0422DF5AE2900B4305C;
					};
				};
			};
			buildConfigurationList = BD57C03E2DF5AE2900B4305C /* Build configuration list for PBXProject "Dayflow" */;
			developmentRegion = en;
			hasScannedForEncodings = 0;
			knownRegions = (
				en,
				Base,
			);
			mainGroup = BD57C03A2DF5AE2900B4305C;
			minimizedProjectReferenceProxies = 1;
			preferredProjectObjectVersion = 77;
			productRefGroup = BD57C0442DF5AE2900B4305C /* Products */;
			projectDirPath = "";
			projectRoot = "";
			targets = (
				BD57C0422DF5AE2900B4305C /* Dayflow */,
				BD57C0502DF5AE2B00B4305C /* DayflowTests */,
				BD57C05A2DF5AE2B00B4305C /* DayflowUITests */,
			);
		};
/* End PBXProject section */

/* Begin PBXResourcesBuildPhase section */
		BD57C0412DF5AE2900B4305C /* Resources */ = {
			isa = PBXResourcesBuildPhase;
			buildActionMask = 2147483647;
			files = (
			);
			runOnlyForDeploymentPostprocessing = 0;
		};
		BD57C04F2DF5AE2B00B4305C /* Resources */ = {
			isa = PBXResourcesBuildPhase;
			buildActionMask = 2147483647;
			files = (
			);
			runOnlyForDeploymentPostprocessing = 0;
		};
		BD57C0592DF5AE2B00B4305C /* Resources */ = {
			isa = PBXResourcesBuildPhase;
			buildActionMask = 2147483647;
			files = (
			);
			runOnlyForDeploymentPostprocessing = 0;
		};
/* End PBXResourcesBuildPhase section */

/* Begin PBXSourcesBuildPhase section */
		BD57C03F2DF5AE2900B4305C /* Sources */ = {
			isa = PBXSourcesBuildPhase;
			buildActionMask = 2147483647;
			files = (
			);
			runOnlyForDeploymentPostprocessing = 0;
		};
		BD57C04D2DF5AE2B00B4305C /* Sources */ = {
			isa = PBXSourcesBuildPhase;
			buildActionMask = 2147483647;
			files = (
			);
			runOnlyForDeploymentPostprocessing = 0;
		};
		BD57C0572DF5AE2B00B4305C /* Sources */ = {
			isa = PBXSourcesBuildPhase;
			buildActionMask = 2147483647;
			files = (
			);
			runOnlyForDeploymentPostprocessing = 0;
		};
/* End PBXSourcesBuildPhase section */

/* Begin PBXTargetDependency section */
		BD57C0532DF5AE2B00B4305C /* PBXTargetDependency */ = {
			isa = PBXTargetDependency;
			target = BD57C0422DF5AE2900B4305C /* Dayflow */;
			targetProxy = BD57C0522DF5AE2B00B4305C /* PBXContainerItemProxy */;
		};
		BD57C05D2DF5AE2B00B4305C /* PBXTargetDependency */ = {
			isa = PBXTargetDependency;
			target = BD57C0422DF5AE2900B4305C /* Dayflow */;
			targetProxy = BD57C05C2DF5AE2B00B4305C /* PBXContainerItemProxy */;
		};
/* End PBXTargetDependency section */

/* Begin XCBuildConfiguration section */
		BD57C0632DF5AE2B00B4305C /* Debug */ = {
			isa = XCBuildConfiguration;
			buildSettings = {
				ALWAYS_SEARCH_USER_PATHS = NO;
				ASSETCATALOG_COMPILER_GENERATE_SWIFT_ASSET_SYMBOL_EXTENSIONS = YES;
				CLANG_ANALYZER_NONNULL = YES;
				CLANG_ANALYZER_NUMBER_OBJECT_CONVERSION = YES_AGGRESSIVE;
				CLANG_CXX_LANGUAGE_STANDARD = "gnu++20";
				CLANG_ENABLE_MODULES = YES;
				CLANG_ENABLE_OBJC_ARC = YES;
				CLANG_ENABLE_OBJC_WEAK = YES;
				CLANG_WARN_BLOCK_CAPTURE_AUTORELEASING = YES;
				CLANG_WARN_BOOL_CONVERSION = YES;
				CLANG_WARN_COMMA = YES;
				CLANG_WARN_CONSTANT_CONVERSION = YES;
				CLANG_WARN_DEPRECATED_OBJC_IMPLEMENTATIONS = YES;
				CLANG_WARN_DIRECT_OBJC_ISA_USAGE = YES_ERROR;
				CLANG_WARN_DOCUMENTATION_COMMENTS = YES;
				CLANG_WARN_EMPTY_BODY = YES;
				CLANG_WARN_ENUM_CONVERSION = YES;
				CLANG_WARN_INFINITE_RECURSION = YES;
				CLANG_WARN_INT_CONVERSION = YES;
				CLANG_WARN_NON_LITERAL_NULL_CONVERSION = YES;
				CLANG_WARN_OBJC_IMPLICIT_RETAIN_SELF = YES;
				CLANG_WARN_OBJC_LITERAL_CONVERSION = YES;
				CLANG_WARN_OBJC_ROOT_CLASS = YES_ERROR;
				CLANG_WARN_QUOTED_INCLUDE_IN_FRAMEWORK_HEADER = YES;
				CLANG_WARN_RANGE_LOOP_ANALYSIS = YES;
				CLANG_WARN_STRICT_PROTOTYPES = YES;
				CLANG_WARN_SUSPICIOUS_MOVE = YES;
				CLANG_WARN_UNGUARDED_AVAILABILITY = YES_AGGRESSIVE;
				CLANG_WARN_UNREACHABLE_CODE = YES;
				CLANG_WARN__DUPLICATE_METHOD_MATCH = YES;
				COPY_PHASE_STRIP = NO;
				DEBUG_INFORMATION_FORMAT = dwarf;
				DEVELOPMENT_TEAM = KV32AKH5GL;
				ENABLE_STRICT_OBJC_MSGSEND = YES;
				ENABLE_TESTABILITY = YES;
				ENABLE_USER_SCRIPT_SANDBOXING = YES;
				GCC_C_LANGUAGE_STANDARD = gnu17;
				GCC_DYNAMIC_NO_PIC = NO;
				GCC_NO_COMMON_BLOCKS = YES;
				GCC_OPTIMIZATION_LEVEL = 0;
				GCC_PREPROCESSOR_DEFINITIONS = (
					"DEBUG=1",
					"$(inherited)",
				);
				GCC_WARN_64_TO_32_BIT_CONVERSION = YES;
				GCC_WARN_ABOUT_RETURN_TYPE = YES_ERROR;
				GCC_WARN_UNDECLARED_SELECTOR = YES;
				GCC_WARN_UNINITIALIZED_AUTOS = YES_AGGRESSIVE;
				GCC_WARN_UNUSED_FUNCTION = YES;
				GCC_WARN_UNUSED_VARIABLE = YES;
				LOCALIZATION_PREFERS_STRING_CATALOGS = YES;
				MACOSX_DEPLOYMENT_TARGET = 15.5;
				MTL_ENABLE_DEBUG_INFO = INCLUDE_SOURCE;
				MTL_FAST_MATH = YES;
				ONLY_ACTIVE_ARCH = YES;
				SDKROOT = macosx;
				SWIFT_ACTIVE_COMPILATION_CONDITIONS = "DEBUG $(inherited)";
				SWIFT_OPTIMIZATION_LEVEL = "-Onone";
			};
			name = Debug;
		};
		BD57C0642DF5AE2B00B4305C /* Release */ = {
			isa = XCBuildConfiguration;
			buildSettings = {
				ALWAYS_SEARCH_USER_PATHS = NO;
				ASSETCATALOG_COMPILER_GENERATE_SWIFT_ASSET_SYMBOL_EXTENSIONS = YES;
				CLANG_ANALYZER_NONNULL = YES;
				CLANG_ANALYZER_NUMBER_OBJECT_CONVERSION = YES_AGGRESSIVE;
				CLANG_CXX_LANGUAGE_STANDARD = "gnu++20";
				CLANG_ENABLE_MODULES = YES;
				CLANG_ENABLE_OBJC_ARC = YES;
				CLANG_ENABLE_OBJC_WEAK = YES;
				CLANG_WARN_BLOCK_CAPTURE_AUTORELEASING = YES;
				CLANG_WARN_BOOL_CONVERSION = YES;
				CLANG_WARN_COMMA = YES;
				CLANG_WARN_CONSTANT_CONVERSION = YES;
				CLANG_WARN_DEPRECATED_OBJC_IMPLEMENTATIONS = YES;
				CLANG_WARN_DIRECT_OBJC_ISA_USAGE = YES_ERROR;
				CLANG_WARN_DOCUMENTATION_COMMENTS = YES;
				CLANG_WARN_EMPTY_BODY = YES;
				CLANG_WARN_ENUM_CONVERSION = YES;
				CLANG_WARN_INFINITE_RECURSION = YES;
				CLANG_WARN_INT_CONVERSION = YES;
				CLANG_WARN_NON_LITERAL_NULL_CONVERSION = YES;
				CLANG_WARN_OBJC_IMPLICIT_RETAIN_SELF = YES;
				CLANG_WARN_OBJC_LITERAL_CONVERSION = YES;
				CLANG_WARN_OBJC_ROOT_CLASS = YES_ERROR;
				CLANG_WARN_QUOTED_INCLUDE_IN_FRAMEWORK_HEADER = YES;
				CLANG_WARN_RANGE_LOOP_ANALYSIS = YES;
				CLANG_WARN_STRICT_PROTOTYPES = YES;
				CLANG_WARN_SUSPICIOUS_MOVE = YES;
				CLANG_WARN_UNGUARDED_AVAILABILITY = YES_AGGRESSIVE;
				CLANG_WARN_UNREACHABLE_CODE = YES;
				CLANG_WARN__DUPLICATE_METHOD_MATCH = YES;
				COPY_PHASE_STRIP = NO;
				DEBUG_INFORMATION_FORMAT = "dwarf-with-dsym";
				DEVELOPMENT_TEAM = KV32AKH5GL;
				ENABLE_NS_ASSERTIONS = NO;
				ENABLE_STRICT_OBJC_MSGSEND = YES;
				ENABLE_USER_SCRIPT_SANDBOXING = YES;
				GCC_C_LANGUAGE_STANDARD = gnu17;
				GCC_NO_COMMON_BLOCKS = YES;
				GCC_WARN_64_TO_32_BIT_CONVERSION = YES;
				GCC_WARN_ABOUT_RETURN_TYPE = YES_ERROR;
				GCC_WARN_UNDECLARED_SELECTOR = YES;
				GCC_WARN_UNINITIALIZED_AUTOS = YES_AGGRESSIVE;
				GCC_WARN_UNUSED_FUNCTION = YES;
				GCC_WARN_UNUSED_VARIABLE = YES;
				LOCALIZATION_PREFERS_STRING_CATALOGS = YES;
				MACOSX_DEPLOYMENT_TARGET = 15.5;
				MTL_ENABLE_DEBUG_INFO = NO;
				MTL_FAST_MATH = YES;
				SDKROOT = macosx;
				SWIFT_COMPILATION_MODE = wholemodule;
			};
			name = Release;
		};
		BD57C0662DF5AE2B00B4305C /* Debug */ = {
			isa = XCBuildConfiguration;
			buildSettings = {
				ASSETCATALOG_COMPILER_APPICON_NAME = AppIcon;
				ASSETCATALOG_COMPILER_GLOBAL_ACCENT_COLOR_NAME = AccentColor;
				CODE_SIGN_ENTITLEMENTS = Dayflow/Dayflow.entitlements;
				CODE_SIGN_STYLE = Automatic;
				COMBINE_HIDPI_IMAGES = YES;
				CURRENT_PROJECT_VERSION = 1;
				DEVELOPMENT_TEAM = KV32AKH5GL;
				ENABLE_HARDENED_RUNTIME = YES;
				ENABLE_PREVIEWS = YES;
				GENERATE_INFOPLIST_FILE = YES;
				INFOPLIST_KEY_NSHumanReadableCopyright = "";
				LD_RUNPATH_SEARCH_PATHS = (
					"$(inherited)",
					"@executable_path/../Frameworks",
				);
				MARKETING_VERSION = 1.0;
				PRODUCT_BUNDLE_IDENTIFIER = dev.josiasw.dayflow.Dayflow;
				PRODUCT_NAME = "$(TARGET_NAME)";
				REGISTER_APP_GROUPS = YES;
				SWIFT_EMIT_LOC_STRINGS = YES;
				SWIFT_VERSION = 5.0;
			};
			name = Debug;
		};
		BD57C0672DF5AE2B00B4305C /* Release */ = {
			isa = XCBuildConfiguration;
			buildSettings = {
				ASSETCATALOG_COMPILER_APPICON_NAME = AppIcon;
				ASSETCATALOG_COMPILER_GLOBAL_ACCENT_COLOR_NAME = AccentColor;
				CODE_SIGN_ENTITLEMENTS = Dayflow/Dayflow.entitlements;
				CODE_SIGN_STYLE = Automatic;
				COMBINE_HIDPI_IMAGES = YES;
				CURRENT_PROJECT_VERSION = 1;
				DEVELOPMENT_TEAM = KV32AKH5GL;
				ENABLE_HARDENED_RUNTIME = YES;
				ENABLE_PREVIEWS = YES;
				GENERATE_INFOPLIST_FILE = YES;
				INFOPLIST_KEY_NSHumanReadableCopyright = "";
				LD_RUNPATH_SEARCH_PATHS = (
					"$(inherited)",
					"@executable_path/../Frameworks",
				);
				MARKETING_VERSION = 1.0;
				PRODUCT_BUNDLE_IDENTIFIER = dev.josiasw.dayflow.Dayflow;
				PRODUCT_NAME = "$(TARGET_NAME)";
				REGISTER_APP_GROUPS = YES;
				SWIFT_EMIT_LOC_STRINGS = YES;
				SWIFT_VERSION = 5.0;
			};
			name = Release;
		};
		BD57C0692DF5AE2B00B4305C /* Debug */ = {
			isa = XCBuildConfiguration;
			buildSettings = {
				BUNDLE_LOADER = "$(TEST_HOST)";
				CODE_SIGN_STYLE = Automatic;
				CURRENT_PROJECT_VERSION = 1;
				DEVELOPMENT_TEAM = KV32AKH5GL;
				GENERATE_INFOPLIST_FILE = YES;
				MACOSX_DEPLOYMENT_TARGET = 15.5;
				MARKETING_VERSION = 1.0;
				PRODUCT_BUNDLE_IDENTIFIER = dev.josiasw.dayflow.DayflowTests;
				PRODUCT_NAME = "$(TARGET_NAME)";
				SWIFT_EMIT_LOC_STRINGS = NO;
				SWIFT_VERSION = 5.0;
				TEST_HOST = "$(BUILT_PRODUCTS_DIR)/Dayflow.app/$(BUNDLE_EXECUTABLE_FOLDER_PATH)/Dayflow";
			};
			name = Debug;
		};
		BD57C06A2DF5AE2B00B4305C /* Release */ = {
			isa = XCBuildConfiguration;
			buildSettings = {
				BUNDLE_LOADER = "$(TEST_HOST)";
				CODE_SIGN_STYLE = Automatic;
				CURRENT_PROJECT_VERSION = 1;
				DEVELOPMENT_TEAM = KV32AKH5GL;
				GENERATE_INFOPLIST_FILE = YES;
				MACOSX_DEPLOYMENT_TARGET = 15.5;
				MARKETING_VERSION = 1.0;
				PRODUCT_BUNDLE_IDENTIFIER = dev.josiasw.dayflow.DayflowTests;
				PRODUCT_NAME = "$(TARGET_NAME)";
				SWIFT_EMIT_LOC_STRINGS = NO;
				SWIFT_VERSION = 5.0;
				TEST_HOST = "$(BUILT_PRODUCTS_DIR)/Dayflow.app/$(BUNDLE_EXECUTABLE_FOLDER_PATH)/Dayflow";
			};
			name = Release;
		};
		BD57C06C2DF5AE2B00B4305C /* Debug */ = {
			isa = XCBuildConfiguration;
			buildSettings = {
				CODE_SIGN_STYLE = Automatic;
				CURRENT_PROJECT_VERSION = 1;
				DEVELOPMENT_TEAM = KV32AKH5GL;
				GENERATE_INFOPLIST_FILE = YES;
				MARKETING_VERSION = 1.0;
				PRODUCT_BUNDLE_IDENTIFIER = dev.josiasw.dayflow.DayflowUITests;
				PRODUCT_NAME = "$(TARGET_NAME)";
				SWIFT_EMIT_LOC_STRINGS = NO;
				SWIFT_VERSION = 5.0;
				TEST_TARGET_NAME = Dayflow;
			};
			name = Debug;
		};
		BD57C06D2DF5AE2B00B4305C /* Release */ = {
			isa = XCBuildConfiguration;
			buildSettings = {
				CODE_SIGN_STYLE = Automatic;
				CURRENT_PROJECT_VERSION = 1;
				DEVELOPMENT_TEAM = KV32AKH5GL;
				GENERATE_INFOPLIST_FILE = YES;
				MARKETING_VERSION = 1.0;
				PRODUCT_BUNDLE_IDENTIFIER = dev.josiasw.dayflow.DayflowUITests;
				PRODUCT_NAME = "$(TARGET_NAME)";
				SWIFT_EMIT_LOC_STRINGS = NO;
				SWIFT_VERSION = 5.0;
				TEST_TARGET_NAME = Dayflow;
			};
			name = Release;
		};
/* End XCBuildConfiguration section */

/* Begin XCConfigurationList section */
		BD57C03E2DF5AE2900B4305C /* Build configuration list for PBXProject "Dayflow" */ = {
			isa = XCConfigurationList;
			buildConfigurations = (
				BD57C0632DF5AE2B00B4305C /* Debug */,
				BD57C0642DF5AE2B00B4305C /* Release */,
			);
			defaultConfigurationIsVisible = 0;
			defaultConfigurationName = Release;
		};
		BD57C0652DF5AE2B00B4305C /* Build configuration list for PBXNativeTarget "Dayflow" */ = {
			isa = XCConfigurationList;
			buildConfigurations = (
				BD57C0662DF5AE2B00B4305C /* Debug */,
				BD57C0672DF5AE2B00B4305C /* Release */,
			);
			defaultConfigurationIsVisible = 0;
			defaultConfigurationName = Release;
		};
		BD57C0682DF5AE2B00B4305C /* Build configuration list for PBXNativeTarget "DayflowTests" */ = {
			isa = XCConfigurationList;
			buildConfigurations = (
				BD57C0692DF5AE2B00B4305C /* Debug */,
				BD57C06A2DF5AE2B00B4305C /* Release */,
			);
			defaultConfigurationIsVisible = 0;
			defaultConfigurationName = Release;
		};
		BD57C06B2DF5AE2B00B4305C /* Build configuration list for PBXNativeTarget "DayflowUITests" */ = {
			isa = XCConfigurationList;
			buildConfigurations = (
				BD57C06C2DF5AE2B00B4305C /* Debug */,
				BD57C06D2DF5AE2B00B4305C /* Release */,
			);
			defaultConfigurationIsVisible = 0;
			defaultConfigurationName = Release;
		};
/* End XCConfigurationList section */
	};
	rootObject = BD57C03B2DF5AE2900B4305C /* Project object */;
}
